// !$*UTF8*$!
{
	archiveVersion = 1;
	classes = {
	};
	objectVersion = 46;
	objects = {

/* Begin PBXBuildFile section */
		793E27C118057C0500FC0AE4 /* Foundation.framework in Frameworks */ = {isa = PBXBuildFile; fileRef = 793E27C018057C0500FC0AE4 /* Foundation.framework */; };
		793E27C318057C0500FC0AE4 /* CoreGraphics.framework in Frameworks */ = {isa = PBXBuildFile; fileRef = 793E27C218057C0500FC0AE4 /* CoreGraphics.framework */; };
		793E27C518057C0500FC0AE4 /* UIKit.framework in Frameworks */ = {isa = PBXBuildFile; fileRef = 793E27C418057C0500FC0AE4 /* UIKit.framework */; };
		793E27CB18057C0500FC0AE4 /* InfoPlist.strings in Resources */ = {isa = PBXBuildFile; fileRef = 793E27C918057C0500FC0AE4 /* InfoPlist.strings */; };
		793E27CD18057C0500FC0AE4 /* main.m in Sources */ = {isa = PBXBuildFile; fileRef = 793E27CC18057C0500FC0AE4 /* main.m */; };
		793E27D118057C0500FC0AE4 /* AppDelegate.m in Sources */ = {isa = PBXBuildFile; fileRef = 793E27D018057C0500FC0AE4 /* AppDelegate.m */; };
		793E27D318057C0500FC0AE4 /* Images.xcassets in Resources */ = {isa = PBXBuildFile; fileRef = 793E27D218057C0500FC0AE4 /* Images.xcassets */; };
		793E27DA18057C0500FC0AE4 /* XCTest.framework in Frameworks */ = {isa = PBXBuildFile; fileRef = 793E27D918057C0500FC0AE4 /* XCTest.framework */; };
		793E27DB18057C0500FC0AE4 /* Foundation.framework in Frameworks */ = {isa = PBXBuildFile; fileRef = 793E27C018057C0500FC0AE4 /* Foundation.framework */; };
		793E27DC18057C0500FC0AE4 /* UIKit.framework in Frameworks */ = {isa = PBXBuildFile; fileRef = 793E27C418057C0500FC0AE4 /* UIKit.framework */; };
		793E27E418057C0500FC0AE4 /* InfoPlist.strings in Resources */ = {isa = PBXBuildFile; fileRef = 793E27E218057C0500FC0AE4 /* InfoPlist.strings */; };
		793E27E618057C0500FC0AE4 /* Truuuuco_Tests.m in Sources */ = {isa = PBXBuildFile; fileRef = 793E27E518057C0500FC0AE4 /* Truuuuco_Tests.m */; };
		797F61921806CD3000FDE4D3 /* Jogada.m in Sources */ = {isa = PBXBuildFile; fileRef = 797F61911806CD3000FDE4D3 /* Jogada.m */; };
		79A5F4621806D19000F11092 /* Mao.m in Sources */ = {isa = PBXBuildFile; fileRef = 79A5F4611806D19000F11092 /* Mao.m */; };
		79A83C3D180C26D9009CBF20 /* MesaViewController.m in Sources */ = {isa = PBXBuildFile; fileRef = 79A83C3B180C26D9009CBF20 /* MesaViewController.m */; };
		79A83C3E180C26D9009CBF20 /* MesaViewController.xib in Resources */ = {isa = PBXBuildFile; fileRef = 79A83C3C180C26D9009CBF20 /* MesaViewController.xib */; };
		79E0472C18058A780076962D /* Jogo.m in Sources */ = {isa = PBXBuildFile; fileRef = 79E0472A18058A780076962D /* Jogo.m */; };
		79E0473718059AEF0076962D /* Baralho.m in Sources */ = {isa = PBXBuildFile; fileRef = 79E0473618059AEF0076962D /* Baralho.m */; };
		79E7E1EA1805A363008446EA /* Jogador.m in Sources */ = {isa = PBXBuildFile; fileRef = 79E7E1E91805A363008446EA /* Jogador.m */; };
		79E9E46718102CEC00E8620E /* 2_copas.png in Resources */ = {isa = PBXBuildFile; fileRef = 79E9E43018102CEC00E8620E /* 2_copas.png */; };
		79E9E46818102CEC00E8620E /* 2_espadas.png in Resources */ = {isa = PBXBuildFile; fileRef = 79E9E43118102CEC00E8620E /* 2_espadas.png */; };
		79E9E46918102CEC00E8620E /* 2_paus.png in Resources */ = {isa = PBXBuildFile; fileRef = 79E9E43218102CEC00E8620E /* 2_paus.png */; };
		79E9E46A18102CEC00E8620E /* 2_pica.png in Resources */ = {isa = PBXBuildFile; fileRef = 79E9E43318102CEC00E8620E /* 2_pica.png */; };
		79E9E46B18102CEC00E8620E /* 3_copas.png in Resources */ = {isa = PBXBuildFile; fileRef = 79E9E43418102CEC00E8620E /* 3_copas.png */; };
		79E9E46C18102CEC00E8620E /* 3_espadas.png in Resources */ = {isa = PBXBuildFile; fileRef = 79E9E43518102CEC00E8620E /* 3_espadas.png */; };
		79E9E46D18102CEC00E8620E /* 3_paus.png in Resources */ = {isa = PBXBuildFile; fileRef = 79E9E43618102CEC00E8620E /* 3_paus.png */; };
		79E9E46E18102CEC00E8620E /* 3_pica.png in Resources */ = {isa = PBXBuildFile; fileRef = 79E9E43718102CEC00E8620E /* 3_pica.png */; };
		79E9E46F18102CEC00E8620E /* 4_copas.png in Resources */ = {isa = PBXBuildFile; fileRef = 79E9E43818102CEC00E8620E /* 4_copas.png */; };
		79E9E47018102CEC00E8620E /* 4_espadas.png in Resources */ = {isa = PBXBuildFile; fileRef = 79E9E43918102CEC00E8620E /* 4_espadas.png */; };
		79E9E47118102CEC00E8620E /* 4_paus.png in Resources */ = {isa = PBXBuildFile; fileRef = 79E9E43A18102CEC00E8620E /* 4_paus.png */; };
		79E9E47218102CEC00E8620E /* 4_pica.png in Resources */ = {isa = PBXBuildFile; fileRef = 79E9E43B18102CEC00E8620E /* 4_pica.png */; };
		79E9E47318102CEC00E8620E /* 5_copas.png in Resources */ = {isa = PBXBuildFile; fileRef = 79E9E43C18102CEC00E8620E /* 5_copas.png */; };
		79E9E47418102CEC00E8620E /* 5_espadas.png in Resources */ = {isa = PBXBuildFile; fileRef = 79E9E43D18102CEC00E8620E /* 5_espadas.png */; };
		79E9E47518102CEC00E8620E /* 5_paus.png in Resources */ = {isa = PBXBuildFile; fileRef = 79E9E43E18102CEC00E8620E /* 5_paus.png */; };
		79E9E47618102CEC00E8620E /* 5_pica.png in Resources */ = {isa = PBXBuildFile; fileRef = 79E9E43F18102CEC00E8620E /* 5_pica.png */; };
		79E9E47718102CEC00E8620E /* 6_copas.png in Resources */ = {isa = PBXBuildFile; fileRef = 79E9E44018102CEC00E8620E /* 6_copas.png */; };
		79E9E47818102CEC00E8620E /* 6_espadas.png in Resources */ = {isa = PBXBuildFile; fileRef = 79E9E44118102CEC00E8620E /* 6_espadas.png */; };
		79E9E47918102CEC00E8620E /* 6_paus.png in Resources */ = {isa = PBXBuildFile; fileRef = 79E9E44218102CEC00E8620E /* 6_paus.png */; };
		79E9E47A18102CEC00E8620E /* 6_pica.png in Resources */ = {isa = PBXBuildFile; fileRef = 79E9E44318102CEC00E8620E /* 6_pica.png */; };
		79E9E47B18102CEC00E8620E /* 7_copas.png in Resources */ = {isa = PBXBuildFile; fileRef = 79E9E44418102CEC00E8620E /* 7_copas.png */; };
		79E9E47C18102CEC00E8620E /* 7_espadas.png in Resources */ = {isa = PBXBuildFile; fileRef = 79E9E44518102CEC00E8620E /* 7_espadas.png */; };
		79E9E47D18102CEC00E8620E /* 7_paus.png in Resources */ = {isa = PBXBuildFile; fileRef = 79E9E44618102CEC00E8620E /* 7_paus.png */; };
		79E9E47E18102CEC00E8620E /* 7_pica.png in Resources */ = {isa = PBXBuildFile; fileRef = 79E9E44718102CEC00E8620E /* 7_pica.png */; };
		79E9E47F18102CEC00E8620E /* as2_espadas.png in Resources */ = {isa = PBXBuildFile; fileRef = 79E9E44818102CEC00E8620E /* as2_espadas.png */; };
		79E9E48018102CEC00E8620E /* as_copas.png in Resources */ = {isa = PBXBuildFile; fileRef = 79E9E44918102CEC00E8620E /* as_copas.png */; };
		79E9E48118102CEC00E8620E /* as_espadas.png in Resources */ = {isa = PBXBuildFile; fileRef = 79E9E44A18102CEC00E8620E /* as_espadas.png */; };
		79E9E48218102CEC00E8620E /* as_paus.png in Resources */ = {isa = PBXBuildFile; fileRef = 79E9E44B18102CEC00E8620E /* as_paus.png */; };
		79E9E48318102CEC00E8620E /* as_pica.png in Resources */ = {isa = PBXBuildFile; fileRef = 79E9E44C18102CEC00E8620E /* as_pica.png */; };
		79E9E48418102CEC00E8620E /* back.png in Resources */ = {isa = PBXBuildFile; fileRef = 79E9E44D18102CEC00E8620E /* back.png */; };
		79E9E48518102CEC00E8620E /* black_joker.png in Resources */ = {isa = PBXBuildFile; fileRef = 79E9E44E18102CEC00E8620E /* black_joker.png */; };
		79E9E48618102CEC00E8620E /* dama2_copas.png in Resources */ = {isa = PBXBuildFile; fileRef = 79E9E44F18102CEC00E8620E /* dama2_copas.png */; };
		79E9E48718102CEC00E8620E /* dama2_espadas.png in Resources */ = {isa = PBXBuildFile; fileRef = 79E9E45018102CEC00E8620E /* dama2_espadas.png */; };
		79E9E48818102CEC00E8620E /* dama2_paus.png in Resources */ = {isa = PBXBuildFile; fileRef = 79E9E45118102CEC00E8620E /* dama2_paus.png */; };
		79E9E48918102CEC00E8620E /* dama2_pica.png in Resources */ = {isa = PBXBuildFile; fileRef = 79E9E45218102CEC00E8620E /* dama2_pica.png */; };
		79E9E48A18102CEC00E8620E /* dama_copas.png in Resources */ = {isa = PBXBuildFile; fileRef = 79E9E45318102CEC00E8620E /* dama_copas.png */; };
		79E9E48B18102CEC00E8620E /* dama_espadas.png in Resources */ = {isa = PBXBuildFile; fileRef = 79E9E45418102CEC00E8620E /* dama_espadas.png */; };
		79E9E48C18102CEC00E8620E /* dama_paus.png in Resources */ = {isa = PBXBuildFile; fileRef = 79E9E45518102CEC00E8620E /* dama_paus.png */; };
		79E9E48D18102CEC00E8620E /* dama_pica.png in Resources */ = {isa = PBXBuildFile; fileRef = 79E9E45618102CEC00E8620E /* dama_pica.png */; };
		79E9E48E18102CEC00E8620E /* rei2_copas.png in Resources */ = {isa = PBXBuildFile; fileRef = 79E9E45718102CEC00E8620E /* rei2_copas.png */; };
		79E9E48F18102CEC00E8620E /* rei2_espadas.png in Resources */ = {isa = PBXBuildFile; fileRef = 79E9E45818102CEC00E8620E /* rei2_espadas.png */; };
		79E9E49018102CEC00E8620E /* rei2_paus.png in Resources */ = {isa = PBXBuildFile; fileRef = 79E9E45918102CEC00E8620E /* rei2_paus.png */; };
		79E9E49118102CEC00E8620E /* rei2_pica.png in Resources */ = {isa = PBXBuildFile; fileRef = 79E9E45A18102CEC00E8620E /* rei2_pica.png */; };
		79E9E49218102CEC00E8620E /* rei_copas.png in Resources */ = {isa = PBXBuildFile; fileRef = 79E9E45B18102CEC00E8620E /* rei_copas.png */; };
		79E9E49318102CEC00E8620E /* rei_espadas.png in Resources */ = {isa = PBXBuildFile; fileRef = 79E9E45C18102CEC00E8620E /* rei_espadas.png */; };
		79E9E49418102CEC00E8620E /* rei_paus.png in Resources */ = {isa = PBXBuildFile; fileRef = 79E9E45D18102CEC00E8620E /* rei_paus.png */; };
		79E9E49518102CEC00E8620E /* rei_pica.png in Resources */ = {isa = PBXBuildFile; fileRef = 79E9E45E18102CEC00E8620E /* rei_pica.png */; };
		79E9E49618102CEC00E8620E /* val2_copas.png in Resources */ = {isa = PBXBuildFile; fileRef = 79E9E45F18102CEC00E8620E /* val2_copas.png */; };
		79E9E49718102CEC00E8620E /* val2_espadas.png in Resources */ = {isa = PBXBuildFile; fileRef = 79E9E46018102CEC00E8620E /* val2_espadas.png */; };
		79E9E49818102CEC00E8620E /* val2_pica.png in Resources */ = {isa = PBXBuildFile; fileRef = 79E9E46118102CEC00E8620E /* val2_pica.png */; };
		79E9E49918102CEC00E8620E /* val_copas.png in Resources */ = {isa = PBXBuildFile; fileRef = 79E9E46218102CEC00E8620E /* val_copas.png */; };
		79E9E49A18102CEC00E8620E /* val_espadas.png in Resources */ = {isa = PBXBuildFile; fileRef = 79E9E46318102CEC00E8620E /* val_espadas.png */; };
		79E9E49B18102CEC00E8620E /* val_pica.png in Resources */ = {isa = PBXBuildFile; fileRef = 79E9E46418102CEC00E8620E /* val_pica.png */; };
		79E9E49C18102CEC00E8620E /* valete2_paus.png in Resources */ = {isa = PBXBuildFile; fileRef = 79E9E46518102CEC00E8620E /* valete2_paus.png */; };
		79E9E49D18102CEC00E8620E /* valete_paus.png in Resources */ = {isa = PBXBuildFile; fileRef = 79E9E46618102CEC00E8620E /* valete_paus.png */; };
		7A6B18B918057EEF00D28343 /* Carta.m in Sources */ = {isa = PBXBuildFile; fileRef = 7A6B18B818057EEF00D28343 /* Carta.m */; };
/* End PBXBuildFile section */

/* Begin PBXContainerItemProxy section */
		793E27DD18057C0500FC0AE4 /* PBXContainerItemProxy */ = {
			isa = PBXContainerItemProxy;
			containerPortal = 793E27B518057C0500FC0AE4 /* Project object */;
			proxyType = 1;
			remoteGlobalIDString = 793E27BC18057C0500FC0AE4;
			remoteInfo = "Truuuuco!";
		};
/* End PBXContainerItemProxy section */

/* Begin PBXFileReference section */
		793E27BD18057C0500FC0AE4 /* Truuuuco!.app */ = {isa = PBXFileReference; explicitFileType = wrapper.application; includeInIndex = 0; path = "Truuuuco!.app"; sourceTree = BUILT_PRODUCTS_DIR; };
		793E27C018057C0500FC0AE4 /* Foundation.framework */ = {isa = PBXFileReference; lastKnownFileType = wrapper.framework; name = Foundation.framework; path = System/Library/Frameworks/Foundation.framework; sourceTree = SDKROOT; };
		793E27C218057C0500FC0AE4 /* CoreGraphics.framework */ = {isa = PBXFileReference; lastKnownFileType = wrapper.framework; name = CoreGraphics.framework; path = System/Library/Frameworks/CoreGraphics.framework; sourceTree = SDKROOT; };
		793E27C418057C0500FC0AE4 /* UIKit.framework */ = {isa = PBXFileReference; lastKnownFileType = wrapper.framework; name = UIKit.framework; path = System/Library/Frameworks/UIKit.framework; sourceTree = SDKROOT; };
		793E27C818057C0500FC0AE4 /* Truuuuco!-Info.plist */ = {isa = PBXFileReference; lastKnownFileType = text.plist.xml; path = "Truuuuco!-Info.plist"; sourceTree = "<group>"; };
		793E27CA18057C0500FC0AE4 /* en */ = {isa = PBXFileReference; lastKnownFileType = text.plist.strings; name = en; path = en.lproj/InfoPlist.strings; sourceTree = "<group>"; };
		793E27CC18057C0500FC0AE4 /* main.m */ = {isa = PBXFileReference; lastKnownFileType = sourcecode.c.objc; path = main.m; sourceTree = "<group>"; };
		793E27CE18057C0500FC0AE4 /* Truuuuco!-Prefix.pch */ = {isa = PBXFileReference; lastKnownFileType = sourcecode.c.h; path = "Truuuuco!-Prefix.pch"; sourceTree = "<group>"; };
		793E27CF18057C0500FC0AE4 /* AppDelegate.h */ = {isa = PBXFileReference; lastKnownFileType = sourcecode.c.h; path = AppDelegate.h; sourceTree = "<group>"; };
		793E27D018057C0500FC0AE4 /* AppDelegate.m */ = {isa = PBXFileReference; lastKnownFileType = sourcecode.c.objc; path = AppDelegate.m; sourceTree = "<group>"; };
		793E27D218057C0500FC0AE4 /* Images.xcassets */ = {isa = PBXFileReference; lastKnownFileType = folder.assetcatalog; path = Images.xcassets; sourceTree = "<group>"; };
		793E27D818057C0500FC0AE4 /* Truuuuco!Tests.xctest */ = {isa = PBXFileReference; explicitFileType = wrapper.cfbundle; includeInIndex = 0; path = "Truuuuco!Tests.xctest"; sourceTree = BUILT_PRODUCTS_DIR; };
		793E27D918057C0500FC0AE4 /* XCTest.framework */ = {isa = PBXFileReference; lastKnownFileType = wrapper.framework; name = XCTest.framework; path = Library/Frameworks/XCTest.framework; sourceTree = DEVELOPER_DIR; };
		793E27E118057C0500FC0AE4 /* Truuuuco!Tests-Info.plist */ = {isa = PBXFileReference; lastKnownFileType = text.plist.xml; path = "Truuuuco!Tests-Info.plist"; sourceTree = "<group>"; };
		793E27E318057C0500FC0AE4 /* en */ = {isa = PBXFileReference; lastKnownFileType = text.plist.strings; name = en; path = en.lproj/InfoPlist.strings; sourceTree = "<group>"; };
		793E27E518057C0500FC0AE4 /* Truuuuco_Tests.m */ = {isa = PBXFileReference; lastKnownFileType = sourcecode.c.objc; path = Truuuuco_Tests.m; sourceTree = "<group>"; };
		797F618F1806CBCD00FDE4D3 /* Jogador.h */ = {isa = PBXFileReference; fileEncoding = 4; lastKnownFileType = sourcecode.c.h; path = Jogador.h; sourceTree = "<group>"; };
		797F61901806CD3000FDE4D3 /* Jogada.h */ = {isa = PBXFileReference; fileEncoding = 4; lastKnownFileType = sourcecode.c.h; path = Jogada.h; sourceTree = "<group>"; };
		797F61911806CD3000FDE4D3 /* Jogada.m */ = {isa = PBXFileReference; fileEncoding = 4; lastKnownFileType = sourcecode.c.objc; path = Jogada.m; sourceTree = "<group>"; };
		79A5F4601806D19000F11092 /* Mao.h */ = {isa = PBXFileReference; fileEncoding = 4; lastKnownFileType = sourcecode.c.h; path = Mao.h; sourceTree = "<group>"; };
		79A5F4611806D19000F11092 /* Mao.m */ = {isa = PBXFileReference; fileEncoding = 4; lastKnownFileType = sourcecode.c.objc; path = Mao.m; sourceTree = "<group>"; };
		79A83C3A180C26D9009CBF20 /* MesaViewController.h */ = {isa = PBXFileReference; fileEncoding = 4; lastKnownFileType = sourcecode.c.h; path = MesaViewController.h; sourceTree = "<group>"; };
		79A83C3B180C26D9009CBF20 /* MesaViewController.m */ = {isa = PBXFileReference; fileEncoding = 4; lastKnownFileType = sourcecode.c.objc; path = MesaViewController.m; sourceTree = "<group>"; };
		79A83C3C180C26D9009CBF20 /* MesaViewController.xib */ = {isa = PBXFileReference; fileEncoding = 4; lastKnownFileType = file.xib; path = MesaViewController.xib; sourceTree = "<group>"; };
		79E0472918058A780076962D /* Jogo.h */ = {isa = PBXFileReference; fileEncoding = 4; lastKnownFileType = sourcecode.c.h; path = Jogo.h; sourceTree = "<group>"; };
		79E0472A18058A780076962D /* Jogo.m */ = {isa = PBXFileReference; fileEncoding = 4; lastKnownFileType = sourcecode.c.objc; path = Jogo.m; sourceTree = "<group>"; };
		79E0473518059AEF0076962D /* Baralho.h */ = {isa = PBXFileReference; fileEncoding = 4; lastKnownFileType = sourcecode.c.h; path = Baralho.h; sourceTree = "<group>"; };
		79E0473618059AEF0076962D /* Baralho.m */ = {isa = PBXFileReference; fileEncoding = 4; lastKnownFileType = sourcecode.c.objc; path = Baralho.m; sourceTree = "<group>"; };
		79E7E1E91805A363008446EA /* Jogador.m */ = {isa = PBXFileReference; fileEncoding = 4; lastKnownFileType = sourcecode.c.objc; path = Jogador.m; sourceTree = "<group>"; };
		79E9E43018102CEC00E8620E /* 2_copas.png */ = {isa = PBXFileReference; lastKnownFileType = image.png; path = 2_copas.png; sourceTree = "<group>"; };
		79E9E43118102CEC00E8620E /* 2_espadas.png */ = {isa = PBXFileReference; lastKnownFileType = image.png; path = 2_espadas.png; sourceTree = "<group>"; };
		79E9E43218102CEC00E8620E /* 2_paus.png */ = {isa = PBXFileReference; lastKnownFileType = image.png; path = 2_paus.png; sourceTree = "<group>"; };
		79E9E43318102CEC00E8620E /* 2_pica.png */ = {isa = PBXFileReference; lastKnownFileType = image.png; path = 2_pica.png; sourceTree = "<group>"; };
		79E9E43418102CEC00E8620E /* 3_copas.png */ = {isa = PBXFileReference; lastKnownFileType = image.png; path = 3_copas.png; sourceTree = "<group>"; };
		79E9E43518102CEC00E8620E /* 3_espadas.png */ = {isa = PBXFileReference; lastKnownFileType = image.png; path = 3_espadas.png; sourceTree = "<group>"; };
		79E9E43618102CEC00E8620E /* 3_paus.png */ = {isa = PBXFileReference; lastKnownFileType = image.png; path = 3_paus.png; sourceTree = "<group>"; };
		79E9E43718102CEC00E8620E /* 3_pica.png */ = {isa = PBXFileReference; lastKnownFileType = image.png; path = 3_pica.png; sourceTree = "<group>"; };
		79E9E43818102CEC00E8620E /* 4_copas.png */ = {isa = PBXFileReference; lastKnownFileType = image.png; path = 4_copas.png; sourceTree = "<group>"; };
		79E9E43918102CEC00E8620E /* 4_espadas.png */ = {isa = PBXFileReference; lastKnownFileType = image.png; path = 4_espadas.png; sourceTree = "<group>"; };
		79E9E43A18102CEC00E8620E /* 4_paus.png */ = {isa = PBXFileReference; lastKnownFileType = image.png; path = 4_paus.png; sourceTree = "<group>"; };
		79E9E43B18102CEC00E8620E /* 4_pica.png */ = {isa = PBXFileReference; lastKnownFileType = image.png; path = 4_pica.png; sourceTree = "<group>"; };
		79E9E43C18102CEC00E8620E /* 5_copas.png */ = {isa = PBXFileReference; lastKnownFileType = image.png; path = 5_copas.png; sourceTree = "<group>"; };
		79E9E43D18102CEC00E8620E /* 5_espadas.png */ = {isa = PBXFileReference; lastKnownFileType = image.png; path = 5_espadas.png; sourceTree = "<group>"; };
		79E9E43E18102CEC00E8620E /* 5_paus.png */ = {isa = PBXFileReference; lastKnownFileType = image.png; path = 5_paus.png; sourceTree = "<group>"; };
		79E9E43F18102CEC00E8620E /* 5_pica.png */ = {isa = PBXFileReference; lastKnownFileType = image.png; path = 5_pica.png; sourceTree = "<group>"; };
		79E9E44018102CEC00E8620E /* 6_copas.png */ = {isa = PBXFileReference; lastKnownFileType = image.png; path = 6_copas.png; sourceTree = "<group>"; };
		79E9E44118102CEC00E8620E /* 6_espadas.png */ = {isa = PBXFileReference; lastKnownFileType = image.png; path = 6_espadas.png; sourceTree = "<group>"; };
		79E9E44218102CEC00E8620E /* 6_paus.png */ = {isa = PBXFileReference; lastKnownFileType = image.png; path = 6_paus.png; sourceTree = "<group>"; };
		79E9E44318102CEC00E8620E /* 6_pica.png */ = {isa = PBXFileReference; lastKnownFileType = image.png; path = 6_pica.png; sourceTree = "<group>"; };
		79E9E44418102CEC00E8620E /* 7_copas.png */ = {isa = PBXFileReference; lastKnownFileType = image.png; path = 7_copas.png; sourceTree = "<group>"; };
		79E9E44518102CEC00E8620E /* 7_espadas.png */ = {isa = PBXFileReference; lastKnownFileType = image.png; path = 7_espadas.png; sourceTree = "<group>"; };
		79E9E44618102CEC00E8620E /* 7_paus.png */ = {isa = PBXFileReference; lastKnownFileType = image.png; path = 7_paus.png; sourceTree = "<group>"; };
		79E9E44718102CEC00E8620E /* 7_pica.png */ = {isa = PBXFileReference; lastKnownFileType = image.png; path = 7_pica.png; sourceTree = "<group>"; };
		79E9E44818102CEC00E8620E /* as2_espadas.png */ = {isa = PBXFileReference; lastKnownFileType = image.png; path = as2_espadas.png; sourceTree = "<group>"; };
		79E9E44918102CEC00E8620E /* as_copas.png */ = {isa = PBXFileReference; lastKnownFileType = image.png; path = as_copas.png; sourceTree = "<group>"; };
		79E9E44A18102CEC00E8620E /* as_espadas.png */ = {isa = PBXFileReference; lastKnownFileType = image.png; path = as_espadas.png; sourceTree = "<group>"; };
		79E9E44B18102CEC00E8620E /* as_paus.png */ = {isa = PBXFileReference; lastKnownFileType = image.png; path = as_paus.png; sourceTree = "<group>"; };
		79E9E44C18102CEC00E8620E /* as_pica.png */ = {isa = PBXFileReference; lastKnownFileType = image.png; path = as_pica.png; sourceTree = "<group>"; };
		79E9E44D18102CEC00E8620E /* back.png */ = {isa = PBXFileReference; lastKnownFileType = image.png; path = back.png; sourceTree = "<group>"; };
		79E9E44E18102CEC00E8620E /* black_joker.png */ = {isa = PBXFileReference; lastKnownFileType = image.png; path = black_joker.png; sourceTree = "<group>"; };
		79E9E44F18102CEC00E8620E /* dama2_copas.png */ = {isa = PBXFileReference; lastKnownFileType = image.png; path = dama2_copas.png; sourceTree = "<group>"; };
		79E9E45018102CEC00E8620E /* dama2_espadas.png */ = {isa = PBXFileReference; lastKnownFileType = image.png; path = dama2_espadas.png; sourceTree = "<group>"; };
		79E9E45118102CEC00E8620E /* dama2_paus.png */ = {isa = PBXFileReference; lastKnownFileType = image.png; path = dama2_paus.png; sourceTree = "<group>"; };
		79E9E45218102CEC00E8620E /* dama2_pica.png */ = {isa = PBXFileReference; lastKnownFileType = image.png; path = dama2_pica.png; sourceTree = "<group>"; };
		79E9E45318102CEC00E8620E /* dama_copas.png */ = {isa = PBXFileReference; lastKnownFileType = image.png; path = dama_copas.png; sourceTree = "<group>"; };
		79E9E45418102CEC00E8620E /* dama_espadas.png */ = {isa = PBXFileReference; lastKnownFileType = image.png; path = dama_espadas.png; sourceTree = "<group>"; };
		79E9E45518102CEC00E8620E /* dama_paus.png */ = {isa = PBXFileReference; lastKnownFileType = image.png; path = dama_paus.png; sourceTree = "<group>"; };
		79E9E45618102CEC00E8620E /* dama_pica.png */ = {isa = PBXFileReference; lastKnownFileType = image.png; path = dama_pica.png; sourceTree = "<group>"; };
		79E9E45718102CEC00E8620E /* rei2_copas.png */ = {isa = PBXFileReference; lastKnownFileType = image.png; path = rei2_copas.png; sourceTree = "<group>"; };
		79E9E45818102CEC00E8620E /* rei2_espadas.png */ = {isa = PBXFileReference; lastKnownFileType = image.png; path = rei2_espadas.png; sourceTree = "<group>"; };
		79E9E45918102CEC00E8620E /* rei2_paus.png */ = {isa = PBXFileReference; lastKnownFileType = image.png; path = rei2_paus.png; sourceTree = "<group>"; };
		79E9E45A18102CEC00E8620E /* rei2_pica.png */ = {isa = PBXFileReference; lastKnownFileType = image.png; path = rei2_pica.png; sourceTree = "<group>"; };
		79E9E45B18102CEC00E8620E /* rei_copas.png */ = {isa = PBXFileReference; lastKnownFileType = image.png; path = rei_copas.png; sourceTree = "<group>"; };
		79E9E45C18102CEC00E8620E /* rei_espadas.png */ = {isa = PBXFileReference; lastKnownFileType = image.png; path = rei_espadas.png; sourceTree = "<group>"; };
		79E9E45D18102CEC00E8620E /* rei_paus.png */ = {isa = PBXFileReference; lastKnownFileType = image.png; path = rei_paus.png; sourceTree = "<group>"; };
		79E9E45E18102CEC00E8620E /* rei_pica.png */ = {isa = PBXFileReference; lastKnownFileType = image.png; path = rei_pica.png; sourceTree = "<group>"; };
		79E9E45F18102CEC00E8620E /* val2_copas.png */ = {isa = PBXFileReference; lastKnownFileType = image.png; path = val2_copas.png; sourceTree = "<group>"; };
		79E9E46018102CEC00E8620E /* val2_espadas.png */ = {isa = PBXFileReference; lastKnownFileType = image.png; path = val2_espadas.png; sourceTree = "<group>"; };
		79E9E46118102CEC00E8620E /* val2_pica.png */ = {isa = PBXFileReference; lastKnownFileType = image.png; path = val2_pica.png; sourceTree = "<group>"; };
		79E9E46218102CEC00E8620E /* val_copas.png */ = {isa = PBXFileReference; lastKnownFileType = image.png; path = val_copas.png; sourceTree = "<group>"; };
		79E9E46318102CEC00E8620E /* val_espadas.png */ = {isa = PBXFileReference; lastKnownFileType = image.png; path = val_espadas.png; sourceTree = "<group>"; };
		79E9E46418102CEC00E8620E /* val_pica.png */ = {isa = PBXFileReference; lastKnownFileType = image.png; path = val_pica.png; sourceTree = "<group>"; };
		79E9E46518102CEC00E8620E /* valete2_paus.png */ = {isa = PBXFileReference; lastKnownFileType = image.png; path = valete2_paus.png; sourceTree = "<group>"; };
		79E9E46618102CEC00E8620E /* valete_paus.png */ = {isa = PBXFileReference; lastKnownFileType = image.png; path = valete_paus.png; sourceTree = "<group>"; };
		7A6B18B718057EEF00D28343 /* Carta.h */ = {isa = PBXFileReference; fileEncoding = 4; lastKnownFileType = sourcecode.c.h; path = Carta.h; sourceTree = "<group>"; };
		7A6B18B818057EEF00D28343 /* Carta.m */ = {isa = PBXFileReference; fileEncoding = 4; lastKnownFileType = sourcecode.c.objc; path = Carta.m; sourceTree = "<group>"; };
/* End PBXFileReference section */

/* Begin PBXFrameworksBuildPhase section */
		793E27BA18057C0500FC0AE4 /* Frameworks */ = {
			isa = PBXFrameworksBuildPhase;
			buildActionMask = 2147483647;
			files = (
				793E27C318057C0500FC0AE4 /* CoreGraphics.framework in Frameworks */,
				793E27C518057C0500FC0AE4 /* UIKit.framework in Frameworks */,
				793E27C118057C0500FC0AE4 /* Foundation.framework in Frameworks */,
			);
			runOnlyForDeploymentPostprocessing = 0;
		};
		793E27D518057C0500FC0AE4 /* Frameworks */ = {
			isa = PBXFrameworksBuildPhase;
			buildActionMask = 2147483647;
			files = (
				793E27DA18057C0500FC0AE4 /* XCTest.framework in Frameworks */,
				793E27DC18057C0500FC0AE4 /* UIKit.framework in Frameworks */,
				793E27DB18057C0500FC0AE4 /* Foundation.framework in Frameworks */,
			);
			runOnlyForDeploymentPostprocessing = 0;
		};
/* End PBXFrameworksBuildPhase section */

/* Begin PBXGroup section */
		793E27B418057C0500FC0AE4 = {
			isa = PBXGroup;
			children = (
				793E27C618057C0500FC0AE4 /* Truuuuco! */,
				793E27DF18057C0500FC0AE4 /* Truuuuco!Tests */,
				793E27BF18057C0500FC0AE4 /* Frameworks */,
				793E27BE18057C0500FC0AE4 /* Products */,
			);
			sourceTree = "<group>";
		};
		793E27BE18057C0500FC0AE4 /* Products */ = {
			isa = PBXGroup;
			children = (
				793E27BD18057C0500FC0AE4 /* Truuuuco!.app */,
				793E27D818057C0500FC0AE4 /* Truuuuco!Tests.xctest */,
			);
			name = Products;
			sourceTree = "<group>";
		};
		793E27BF18057C0500FC0AE4 /* Frameworks */ = {
			isa = PBXGroup;
			children = (
				793E27C018057C0500FC0AE4 /* Foundation.framework */,
				793E27C218057C0500FC0AE4 /* CoreGraphics.framework */,
				793E27C418057C0500FC0AE4 /* UIKit.framework */,
				793E27D918057C0500FC0AE4 /* XCTest.framework */,
			);
			name = Frameworks;
			sourceTree = "<group>";
		};
		793E27C618057C0500FC0AE4 /* Truuuuco! */ = {
			isa = PBXGroup;
			children = (
				793E27CF18057C0500FC0AE4 /* AppDelegate.h */,
				793E27D018057C0500FC0AE4 /* AppDelegate.m */,
				79E0472918058A780076962D /* Jogo.h */,
				79E0472A18058A780076962D /* Jogo.m */,
				797F61901806CD3000FDE4D3 /* Jogada.h */,
				797F61911806CD3000FDE4D3 /* Jogada.m */,
				79E0473518059AEF0076962D /* Baralho.h */,
				79E0473618059AEF0076962D /* Baralho.m */,
				7A6B18B718057EEF00D28343 /* Carta.h */,
				7A6B18B818057EEF00D28343 /* Carta.m */,
				797F618F1806CBCD00FDE4D3 /* Jogador.h */,
				79E7E1E91805A363008446EA /* Jogador.m */,
				79A5F4601806D19000F11092 /* Mao.h */,
				79A5F4611806D19000F11092 /* Mao.m */,
				79A83C3A180C26D9009CBF20 /* MesaViewController.h */,
				79A83C3B180C26D9009CBF20 /* MesaViewController.m */,
				79A83C3C180C26D9009CBF20 /* MesaViewController.xib */,
				793E27D218057C0500FC0AE4 /* Images.xcassets */,
				79E9E42F18102CEC00E8620E /* cartas */,
				793E27C718057C0500FC0AE4 /* Supporting Files */,
			);
			path = "Truuuuco!";
			sourceTree = "<group>";
		};
		793E27C718057C0500FC0AE4 /* Supporting Files */ = {
			isa = PBXGroup;
			children = (
				793E27C818057C0500FC0AE4 /* Truuuuco!-Info.plist */,
				793E27C918057C0500FC0AE4 /* InfoPlist.strings */,
				793E27CC18057C0500FC0AE4 /* main.m */,
				793E27CE18057C0500FC0AE4 /* Truuuuco!-Prefix.pch */,
			);
			name = "Supporting Files";
			sourceTree = "<group>";
		};
		793E27DF18057C0500FC0AE4 /* Truuuuco!Tests */ = {
			isa = PBXGroup;
			children = (
				793E27E518057C0500FC0AE4 /* Truuuuco_Tests.m */,
				793E27E018057C0500FC0AE4 /* Supporting Files */,
			);
			path = "Truuuuco!Tests";
			sourceTree = "<group>";
		};
		793E27E018057C0500FC0AE4 /* Supporting Files */ = {
			isa = PBXGroup;
			children = (
				793E27E118057C0500FC0AE4 /* Truuuuco!Tests-Info.plist */,
				793E27E218057C0500FC0AE4 /* InfoPlist.strings */,
			);
			name = "Supporting Files";
			sourceTree = "<group>";
		};
		79E9E42F18102CEC00E8620E /* cartas */ = {
			isa = PBXGroup;
			children = (
				79E9E43018102CEC00E8620E /* 2_copas.png */,
				79E9E43118102CEC00E8620E /* 2_espadas.png */,
				79E9E43218102CEC00E8620E /* 2_paus.png */,
				79E9E43318102CEC00E8620E /* 2_pica.png */,
				79E9E43418102CEC00E8620E /* 3_copas.png */,
				79E9E43518102CEC00E8620E /* 3_espadas.png */,
				79E9E43618102CEC00E8620E /* 3_paus.png */,
				79E9E43718102CEC00E8620E /* 3_pica.png */,
				79E9E43818102CEC00E8620E /* 4_copas.png */,
				79E9E43918102CEC00E8620E /* 4_espadas.png */,
				79E9E43A18102CEC00E8620E /* 4_paus.png */,
				79E9E43B18102CEC00E8620E /* 4_pica.png */,
				79E9E43C18102CEC00E8620E /* 5_copas.png */,
				79E9E43D18102CEC00E8620E /* 5_espadas.png */,
				79E9E43E18102CEC00E8620E /* 5_paus.png */,
				79E9E43F18102CEC00E8620E /* 5_pica.png */,
				79E9E44018102CEC00E8620E /* 6_copas.png */,
				79E9E44118102CEC00E8620E /* 6_espadas.png */,
				79E9E44218102CEC00E8620E /* 6_paus.png */,
				79E9E44318102CEC00E8620E /* 6_pica.png */,
				79E9E44418102CEC00E8620E /* 7_copas.png */,
				79E9E44518102CEC00E8620E /* 7_espadas.png */,
				79E9E44618102CEC00E8620E /* 7_paus.png */,
				79E9E44718102CEC00E8620E /* 7_pica.png */,
				79E9E44818102CEC00E8620E /* as2_espadas.png */,
				79E9E44918102CEC00E8620E /* as_copas.png */,
				79E9E44A18102CEC00E8620E /* as_espadas.png */,
				79E9E44B18102CEC00E8620E /* as_paus.png */,
				79E9E44C18102CEC00E8620E /* as_pica.png */,
				79E9E44D18102CEC00E8620E /* back.png */,
				79E9E44E18102CEC00E8620E /* black_joker.png */,
				79E9E44F18102CEC00E8620E /* dama2_copas.png */,
				79E9E45018102CEC00E8620E /* dama2_espadas.png */,
				79E9E45118102CEC00E8620E /* dama2_paus.png */,
				79E9E45218102CEC00E8620E /* dama2_pica.png */,
				79E9E45318102CEC00E8620E /* dama_copas.png */,
				79E9E45418102CEC00E8620E /* dama_espadas.png */,
				79E9E45518102CEC00E8620E /* dama_paus.png */,
				79E9E45618102CEC00E8620E /* dama_pica.png */,
				79E9E45718102CEC00E8620E /* rei2_copas.png */,
				79E9E45818102CEC00E8620E /* rei2_espadas.png */,
				79E9E45918102CEC00E8620E /* rei2_paus.png */,
				79E9E45A18102CEC00E8620E /* rei2_pica.png */,
				79E9E45B18102CEC00E8620E /* rei_copas.png */,
				79E9E45C18102CEC00E8620E /* rei_espadas.png */,
				79E9E45D18102CEC00E8620E /* rei_paus.png */,
				79E9E45E18102CEC00E8620E /* rei_pica.png */,
				79E9E45F18102CEC00E8620E /* val2_copas.png */,
				79E9E46018102CEC00E8620E /* val2_espadas.png */,
				79E9E46118102CEC00E8620E /* val2_pica.png */,
				79E9E46218102CEC00E8620E /* val_copas.png */,
				79E9E46318102CEC00E8620E /* val_espadas.png */,
				79E9E46418102CEC00E8620E /* val_pica.png */,
				79E9E46518102CEC00E8620E /* valete2_paus.png */,
				79E9E46618102CEC00E8620E /* valete_paus.png */,
			);
			path = cartas;
			sourceTree = "<group>";
		};
/* End PBXGroup section */

/* Begin PBXNativeTarget section */
		793E27BC18057C0500FC0AE4 /* Truuuuco! */ = {
			isa = PBXNativeTarget;
			buildConfigurationList = 793E27E918057C0500FC0AE4 /* Build configuration list for PBXNativeTarget "Truuuuco!" */;
			buildPhases = (
				793E27B918057C0500FC0AE4 /* Sources */,
				793E27BA18057C0500FC0AE4 /* Frameworks */,
				793E27BB18057C0500FC0AE4 /* Resources */,
			);
			buildRules = (
			);
			dependencies = (
			);
			name = "Truuuuco!";
			productName = "Truuuuco!";
			productReference = 793E27BD18057C0500FC0AE4 /* Truuuuco!.app */;
			productType = "com.apple.product-type.application";
		};
		793E27D718057C0500FC0AE4 /* Truuuuco!Tests */ = {
			isa = PBXNativeTarget;
			buildConfigurationList = 793E27EC18057C0500FC0AE4 /* Build configuration list for PBXNativeTarget "Truuuuco!Tests" */;
			buildPhases = (
				793E27D418057C0500FC0AE4 /* Sources */,
				793E27D518057C0500FC0AE4 /* Frameworks */,
				793E27D618057C0500FC0AE4 /* Resources */,
			);
			buildRules = (
			);
			dependencies = (
				793E27DE18057C0500FC0AE4 /* PBXTargetDependency */,
			);
			name = "Truuuuco!Tests";
			productName = "Truuuuco!Tests";
			productReference = 793E27D818057C0500FC0AE4 /* Truuuuco!Tests.xctest */;
			productType = "com.apple.product-type.bundle.unit-test";
		};
/* End PBXNativeTarget section */

/* Begin PBXProject section */
		793E27B518057C0500FC0AE4 /* Project object */ = {
			isa = PBXProject;
			attributes = {
				LastUpgradeCheck = 0500;
				ORGANIZATIONNAME = Mobirama;
				TargetAttributes = {
					793E27BC18057C0500FC0AE4 = {
						DevelopmentTeam = E83LWMS766;
					};
					793E27D718057C0500FC0AE4 = {
						TestTargetID = 793E27BC18057C0500FC0AE4;
					};
				};
			};
			buildConfigurationList = 793E27B818057C0500FC0AE4 /* Build configuration list for PBXProject "Truuuuco!" */;
			compatibilityVersion = "Xcode 3.2";
			developmentRegion = English;
			hasScannedForEncodings = 0;
			knownRegions = (
				en,
			);
			mainGroup = 793E27B418057C0500FC0AE4;
			productRefGroup = 793E27BE18057C0500FC0AE4 /* Products */;
			projectDirPath = "";
			projectRoot = "";
			targets = (
				793E27BC18057C0500FC0AE4 /* Truuuuco! */,
				793E27D718057C0500FC0AE4 /* Truuuuco!Tests */,
			);
		};
/* End PBXProject section */

/* Begin PBXResourcesBuildPhase section */
		793E27BB18057C0500FC0AE4 /* Resources */ = {
			isa = PBXResourcesBuildPhase;
			buildActionMask = 2147483647;
			files = (
				79E9E47F18102CEC00E8620E /* as2_espadas.png in Resources */,
				79E9E46A18102CEC00E8620E /* 2_pica.png in Resources */,
				79E9E49918102CEC00E8620E /* val_copas.png in Resources */,
				79E9E49318102CEC00E8620E /* rei_espadas.png in Resources */,
				79E9E49518102CEC00E8620E /* rei_pica.png in Resources */,
				79E9E47018102CEC00E8620E /* 4_espadas.png in Resources */,
				79E9E48518102CEC00E8620E /* black_joker.png in Resources */,
				793E27CB18057C0500FC0AE4 /* InfoPlist.strings in Resources */,
				79E9E47818102CEC00E8620E /* 6_espadas.png in Resources */,
				79E9E49618102CEC00E8620E /* val2_copas.png in Resources */,
				79E9E48B18102CEC00E8620E /* dama_espadas.png in Resources */,
				79E9E48E18102CEC00E8620E /* rei2_copas.png in Resources */,
				79E9E47A18102CEC00E8620E /* 6_pica.png in Resources */,
				79E9E48818102CEC00E8620E /* dama2_paus.png in Resources */,
				79E9E48218102CEC00E8620E /* as_paus.png in Resources */,
				79E9E46718102CEC00E8620E /* 2_copas.png in Resources */,
				79E9E46F18102CEC00E8620E /* 4_copas.png in Resources */,
				79E9E49C18102CEC00E8620E /* valete2_paus.png in Resources */,
				79E9E49418102CEC00E8620E /* rei_paus.png in Resources */,
				79E9E46818102CEC00E8620E /* 2_espadas.png in Resources */,
				79E9E46D18102CEC00E8620E /* 3_paus.png in Resources */,
				79E9E47118102CEC00E8620E /* 4_paus.png in Resources */,
				79E9E47B18102CEC00E8620E /* 7_copas.png in Resources */,
				79E9E48F18102CEC00E8620E /* rei2_espadas.png in Resources */,
				79E9E47418102CEC00E8620E /* 5_espadas.png in Resources */,
				79E9E48318102CEC00E8620E /* as_pica.png in Resources */,
				79E9E48118102CEC00E8620E /* as_espadas.png in Resources */,
				79E9E48718102CEC00E8620E /* dama2_espadas.png in Resources */,
				79E9E47318102CEC00E8620E /* 5_copas.png in Resources */,
				79E9E49218102CEC00E8620E /* rei_copas.png in Resources */,
				79E9E48918102CEC00E8620E /* dama2_pica.png in Resources */,
				79E9E49B18102CEC00E8620E /* val_pica.png in Resources */,
				79E9E47E18102CEC00E8620E /* 7_pica.png in Resources */,
				79E9E47618102CEC00E8620E /* 5_pica.png in Resources */,
				79E9E49018102CEC00E8620E /* rei2_paus.png in Resources */,
				79E9E47C18102CEC00E8620E /* 7_espadas.png in Resources */,
				79E9E46E18102CEC00E8620E /* 3_pica.png in Resources */,
				79E9E48A18102CEC00E8620E /* dama_copas.png in Resources */,
				79E9E48018102CEC00E8620E /* as_copas.png in Resources */,
				79E9E49718102CEC00E8620E /* val2_espadas.png in Resources */,
				79E9E46918102CEC00E8620E /* 2_paus.png in Resources */,
				79A83C3E180C26D9009CBF20 /* MesaViewController.xib in Resources */,
				79E9E47D18102CEC00E8620E /* 7_paus.png in Resources */,
				79E9E48D18102CEC00E8620E /* dama_pica.png in Resources */,
				79E9E46B18102CEC00E8620E /* 3_copas.png in Resources */,
				79E9E48C18102CEC00E8620E /* dama_paus.png in Resources */,
				79E9E47518102CEC00E8620E /* 5_paus.png in Resources */,
				79E9E48618102CEC00E8620E /* dama2_copas.png in Resources */,
				793E27D318057C0500FC0AE4 /* Images.xcassets in Resources */,
				79E9E49D18102CEC00E8620E /* valete_paus.png in Resources */,
				79E9E49818102CEC00E8620E /* val2_pica.png in Resources */,
				79E9E49118102CEC00E8620E /* rei2_pica.png in Resources */,
				79E9E47718102CEC00E8620E /* 6_copas.png in Resources */,
				79E9E48418102CEC00E8620E /* back.png in Resources */,
				79E9E49A18102CEC00E8620E /* val_espadas.png in Resources */,
				79E9E47918102CEC00E8620E /* 6_paus.png in Resources */,
				79E9E46C18102CEC00E8620E /* 3_espadas.png in Resources */,
				79E9E47218102CEC00E8620E /* 4_pica.png in Resources */,
			);
			runOnlyForDeploymentPostprocessing = 0;
		};
		793E27D618057C0500FC0AE4 /* Resources */ = {
			isa = PBXResourcesBuildPhase;
			buildActionMask = 2147483647;
			files = (
				793E27E418057C0500FC0AE4 /* InfoPlist.strings in Resources */,
			);
			runOnlyForDeploymentPostprocessing = 0;
		};
/* End PBXResourcesBuildPhase section */

/* Begin PBXSourcesBuildPhase section */
		793E27B918057C0500FC0AE4 /* Sources */ = {
			isa = PBXSourcesBuildPhase;
			buildActionMask = 2147483647;
			files = (
				79A83C3D180C26D9009CBF20 /* MesaViewController.m in Sources */,
				79E0472C18058A780076962D /* Jogo.m in Sources */,
				797F61921806CD3000FDE4D3 /* Jogada.m in Sources */,
				7A6B18B918057EEF00D28343 /* Carta.m in Sources */,
				79E7E1EA1805A363008446EA /* Jogador.m in Sources */,
				79E0473718059AEF0076962D /* Baralho.m in Sources */,
				79A5F4621806D19000F11092 /* Mao.m in Sources */,
				793E27D118057C0500FC0AE4 /* AppDelegate.m in Sources */,
				793E27CD18057C0500FC0AE4 /* main.m in Sources */,
			);
			runOnlyForDeploymentPostprocessing = 0;
		};
		793E27D418057C0500FC0AE4 /* Sources */ = {
			isa = PBXSourcesBuildPhase;
			buildActionMask = 2147483647;
			files = (
				793E27E618057C0500FC0AE4 /* Truuuuco_Tests.m in Sources */,
			);
			runOnlyForDeploymentPostprocessing = 0;
		};
/* End PBXSourcesBuildPhase section */

/* Begin PBXTargetDependency section */
		793E27DE18057C0500FC0AE4 /* PBXTargetDependency */ = {
			isa = PBXTargetDependency;
			target = 793E27BC18057C0500FC0AE4 /* Truuuuco! */;
			targetProxy = 793E27DD18057C0500FC0AE4 /* PBXContainerItemProxy */;
		};
/* End PBXTargetDependency section */

/* Begin PBXVariantGroup section */
		793E27C918057C0500FC0AE4 /* InfoPlist.strings */ = {
			isa = PBXVariantGroup;
			children = (
				793E27CA18057C0500FC0AE4 /* en */,
			);
			name = InfoPlist.strings;
			sourceTree = "<group>";
		};
		793E27E218057C0500FC0AE4 /* InfoPlist.strings */ = {
			isa = PBXVariantGroup;
			children = (
				793E27E318057C0500FC0AE4 /* en */,
			);
			name = InfoPlist.strings;
			sourceTree = "<group>";
		};
/* End PBXVariantGroup section */

/* Begin XCBuildConfiguration section */
		793E27E718057C0500FC0AE4 /* Debug */ = {
			isa = XCBuildConfiguration;
			buildSettings = {
				ALWAYS_SEARCH_USER_PATHS = NO;
				ARCHS = "$(ARCHS_STANDARD_INCLUDING_64_BIT)";
				CLANG_CXX_LANGUAGE_STANDARD = "gnu++0x";
				CLANG_CXX_LIBRARY = "libc++";
				CLANG_ENABLE_MODULES = YES;
				CLANG_ENABLE_OBJC_ARC = YES;
				CLANG_WARN_BOOL_CONVERSION = YES;
				CLANG_WARN_CONSTANT_CONVERSION = YES;
				CLANG_WARN_DIRECT_OBJC_ISA_USAGE = YES_ERROR;
				CLANG_WARN_EMPTY_BODY = YES;
				CLANG_WARN_ENUM_CONVERSION = YES;
				CLANG_WARN_INT_CONVERSION = YES;
				CLANG_WARN_OBJC_ROOT_CLASS = YES_ERROR;
				CLANG_WARN__DUPLICATE_METHOD_MATCH = YES;
				CODE_SIGN_IDENTITY = "iPhone Developer";
				"CODE_SIGN_IDENTITY[sdk=iphoneos*]" = "iPhone Developer";
				COPY_PHASE_STRIP = NO;
				GCC_C_LANGUAGE_STANDARD = gnu99;
				GCC_DYNAMIC_NO_PIC = NO;
				GCC_OPTIMIZATION_LEVEL = 0;
				GCC_PREPROCESSOR_DEFINITIONS = (
					"DEBUG=1",
					"$(inherited)",
				);
				GCC_SYMBOLS_PRIVATE_EXTERN = NO;
				GCC_WARN_64_TO_32_BIT_CONVERSION = YES;
				GCC_WARN_ABOUT_RETURN_TYPE = YES_ERROR;
				GCC_WARN_UNDECLARED_SELECTOR = YES;
				GCC_WARN_UNINITIALIZED_AUTOS = YES;
				GCC_WARN_UNUSED_FUNCTION = YES;
				GCC_WARN_UNUSED_VARIABLE = YES;
				IPHONEOS_DEPLOYMENT_TARGET = 7.0;
				ONLY_ACTIVE_ARCH = YES;
				SDKROOT = iphoneos;
				TARGETED_DEVICE_FAMILY = 2;
			};
			name = Debug;
		};
		793E27E818057C0500FC0AE4 /* Release */ = {
			isa = XCBuildConfiguration;
			buildSettings = {
				ALWAYS_SEARCH_USER_PATHS = NO;
				ARCHS = "$(ARCHS_STANDARD_INCLUDING_64_BIT)";
				CLANG_CXX_LANGUAGE_STANDARD = "gnu++0x";
				CLANG_CXX_LIBRARY = "libc++";
				CLANG_ENABLE_MODULES = YES;
				CLANG_ENABLE_OBJC_ARC = YES;
				CLANG_WARN_BOOL_CONVERSION = YES;
				CLANG_WARN_CONSTANT_CONVERSION = YES;
				CLANG_WARN_DIRECT_OBJC_ISA_USAGE = YES_ERROR;
				CLANG_WARN_EMPTY_BODY = YES;
				CLANG_WARN_ENUM_CONVERSION = YES;
				CLANG_WARN_INT_CONVERSION = YES;
				CLANG_WARN_OBJC_ROOT_CLASS = YES_ERROR;
				CLANG_WARN__DUPLICATE_METHOD_MATCH = YES;
				CODE_SIGN_IDENTITY = "iPhone Developer";
				"CODE_SIGN_IDENTITY[sdk=iphoneos*]" = "iPhone Developer";
				COPY_PHASE_STRIP = YES;
				ENABLE_NS_ASSERTIONS = NO;
				GCC_C_LANGUAGE_STANDARD = gnu99;
				GCC_WARN_64_TO_32_BIT_CONVERSION = YES;
				GCC_WARN_ABOUT_RETURN_TYPE = YES_ERROR;
				GCC_WARN_UNDECLARED_SELECTOR = YES;
				GCC_WARN_UNINITIALIZED_AUTOS = YES;
				GCC_WARN_UNUSED_FUNCTION = YES;
				GCC_WARN_UNUSED_VARIABLE = YES;
				IPHONEOS_DEPLOYMENT_TARGET = 7.0;
				SDKROOT = iphoneos;
				TARGETED_DEVICE_FAMILY = 2;
				VALIDATE_PRODUCT = YES;
			};
			name = Release;
		};
		793E27EA18057C0500FC0AE4 /* Debug */ = {
			isa = XCBuildConfiguration;
			buildSettings = {
				ASSETCATALOG_COMPILER_APPICON_NAME = AppIcon;
				ASSETCATALOG_COMPILER_LAUNCHIMAGE_NAME = LaunchImage;
				CODE_SIGN_IDENTITY = "iPhone Developer";
				"CODE_SIGN_IDENTITY[sdk=iphoneos*]" = "iPhone Developer";
				GCC_PRECOMPILE_PREFIX_HEADER = YES;
				GCC_PREFIX_HEADER = "Truuuuco!/Truuuuco!-Prefix.pch";
				INFOPLIST_FILE = "Truuuuco!/Truuuuco!-Info.plist";
				PRODUCT_NAME = "$(TARGET_NAME)";
				PROVISIONING_PROFILE = "";
				WRAPPER_EXTENSION = app;
			};
			name = Debug;
		};
		793E27EB18057C0500FC0AE4 /* Release */ = {
			isa = XCBuildConfiguration;
			buildSettings = {
				ASSETCATALOG_COMPILER_APPICON_NAME = AppIcon;
				ASSETCATALOG_COMPILER_LAUNCHIMAGE_NAME = LaunchImage;
				CODE_SIGN_IDENTITY = "iPhone Developer";
				"CODE_SIGN_IDENTITY[sdk=iphoneos*]" = "iPhone Developer";
				GCC_PRECOMPILE_PREFIX_HEADER = YES;
				GCC_PREFIX_HEADER = "Truuuuco!/Truuuuco!-Prefix.pch";
				INFOPLIST_FILE = "Truuuuco!/Truuuuco!-Info.plist";
				PRODUCT_NAME = "$(TARGET_NAME)";
				PROVISIONING_PROFILE = "";
				WRAPPER_EXTENSION = app;
			};
			name = Release;
		};
		793E27ED18057C0500FC0AE4 /* Debug */ = {
			isa = XCBuildConfiguration;
			buildSettings = {
				ARCHS = "$(ARCHS_STANDARD_INCLUDING_64_BIT)";
				BUNDLE_LOADER = "$(BUILT_PRODUCTS_DIR)/Truuuuco!.app/Truuuuco!";
				FRAMEWORK_SEARCH_PATHS = (
					"$(SDKROOT)/Developer/Library/Frameworks",
					"$(inherited)",
					"$(DEVELOPER_FRAMEWORKS_DIR)",
				);
				GCC_PRECOMPILE_PREFIX_HEADER = YES;
				GCC_PREFIX_HEADER = "Truuuuco!/Truuuuco!-Prefix.pch";
				GCC_PREPROCESSOR_DEFINITIONS = (
					"DEBUG=1",
					"$(inherited)",
				);
				INFOPLIST_FILE = "Truuuuco!Tests/Truuuuco!Tests-Info.plist";
				PRODUCT_NAME = "$(TARGET_NAME)";
				TEST_HOST = "$(BUNDLE_LOADER)";
				WRAPPER_EXTENSION = xctest;
			};
			name = Debug;
		};
		793E27EE18057C0500FC0AE4 /* Release */ = {
			isa = XCBuildConfiguration;
			buildSettings = {
				ARCHS = "$(ARCHS_STANDARD_INCLUDING_64_BIT)";
				BUNDLE_LOADER = "$(BUILT_PRODUCTS_DIR)/Truuuuco!.app/Truuuuco!";
				FRAMEWORK_SEARCH_PATHS = (
					"$(SDKROOT)/Developer/Library/Frameworks",
					"$(inherited)",
					"$(DEVELOPER_FRAMEWORKS_DIR)",
				);
				GCC_PRECOMPILE_PREFIX_HEADER = YES;
				GCC_PREFIX_HEADER = "Truuuuco!/Truuuuco!-Prefix.pch";
				INFOPLIST_FILE = "Truuuuco!Tests/Truuuuco!Tests-Info.plist";
				PRODUCT_NAME = "$(TARGET_NAME)";
				TEST_HOST = "$(BUNDLE_LOADER)";
				WRAPPER_EXTENSION = xctest;
			};
			name = Release;
		};
/* End XCBuildConfiguration section */

/* Begin XCConfigurationList section */
		793E27B818057C0500FC0AE4 /* Build configuration list for PBXProject "Truuuuco!" */ = {
			isa = XCConfigurationList;
			buildConfigurations = (
				793E27E718057C0500FC0AE4 /* Debug */,
				793E27E818057C0500FC0AE4 /* Release */,
			);
			defaultConfigurationIsVisible = 0;
			defaultConfigurationName = Release;
		};
		793E27E918057C0500FC0AE4 /* Build configuration list for PBXNativeTarget "Truuuuco!" */ = {
			isa = XCConfigurationList;
			buildConfigurations = (
				793E27EA18057C0500FC0AE4 /* Debug */,
				793E27EB18057C0500FC0AE4 /* Release */,
			);
			defaultConfigurationIsVisible = 0;
			defaultConfigurationName = Release;
		};
		793E27EC18057C0500FC0AE4 /* Build configuration list for PBXNativeTarget "Truuuuco!Tests" */ = {
			isa = XCConfigurationList;
			buildConfigurations = (
				793E27ED18057C0500FC0AE4 /* Debug */,
				793E27EE18057C0500FC0AE4 /* Release */,
			);
			defaultConfigurationIsVisible = 0;
			defaultConfigurationName = Release;
		};
/* End XCConfigurationList section */
	};
	rootObject = 793E27B518057C0500FC0AE4 /* Project object */;
}
